
Microsoft Visual Studio Solution File, Format Version 12.00
# Visual Studio Version 17
VisualStudioVersion = 17.11.35222.181
MinimumVisualStudioVersion = 10.0.40219.1
Project("{FAE04EC0-301F-11D3-BF4B-00C04F79EFBC}") = "APBDTutorial1", "APBDTutorial1\APBDTutorial1.csproj", "{4DDB954C-B7BF-47A0-813C-83A3997336F9}"
EndProject
Global
	GlobalSection(SolutionConfigurationPlatforms) = preSolution
		Debug|Any CPU = Debug|Any CPU
		Release|Any CPU = Release|Any CPU
	EndGlobalSection
	GlobalSection(ProjectConfigurationPlatforms) = postSolution
		{4DDB954C-B7BF-47A0-813C-83A3997336F9}.Debug|Any CPU.ActiveCfg = Debug|Any CPU
		{4DDB954C-B7BF-47A0-813C-83A3997336F9}.Debug|Any CPU.Build.0 = Debug|Any CPU
		{4DDB954C-B7BF-47A0-813C-83A3997336F9}.Release|Any CPU.ActiveCfg = Release|Any CPU
		{4DDB954C-B7BF-47A0-813C-83A3997336F9}.Release|Any CPU.Build.0 = Release|Any CPU
	EndGlobalSection
	GlobalSection(SolutionProperties) = preSolution
		HideSolutionNode = FALSE
	EndGlobalSection
	GlobalSection(ExtensibilityGlobals) = postSolution
		SolutionGuid = {CBEF7FBF-7BA0-40CE-9704-A869EF9B00D3}
	EndGlobalSection
EndGlobal
